// !$*UTF8*$!
{
	archiveVersion = 1;
	classes = {
	};
	objectVersion = 56;
	objects = {

/* Begin PBXBuildFile section */
		D1D331D22915CCE80062C7A7 /* AppDelegate.swift in Sources */ = {isa = PBXBuildFile; fileRef = D1D331D12915CCE80062C7A7 /* AppDelegate.swift */; };
		D1D331D42915CCE80062C7A7 /* SceneDelegate.swift in Sources */ = {isa = PBXBuildFile; fileRef = D1D331D32915CCE80062C7A7 /* SceneDelegate.swift */; };
		D1D331D62915CCE80062C7A7 /* ViewController.swift in Sources */ = {isa = PBXBuildFile; fileRef = D1D331D52915CCE80062C7A7 /* ViewController.swift */; };
		D1D331D92915CCE80062C7A7 /* Main.storyboard in Resources */ = {isa = PBXBuildFile; fileRef = D1D331D72915CCE80062C7A7 /* Main.storyboard */; };
		D1D331DB2915CCEA0062C7A7 /* Assets.xcassets in Resources */ = {isa = PBXBuildFile; fileRef = D1D331DA2915CCEA0062C7A7 /* Assets.xcassets */; };
		D1D331DE2915CCEA0062C7A7 /* LaunchScreen.storyboard in Resources */ = {isa = PBXBuildFile; fileRef = D1D331DC2915CCEA0062C7A7 /* LaunchScreen.storyboard */; };
		D1D331E82915D0110062C7A7 /* LineTableCell.swift in Sources */ = {isa = PBXBuildFile; fileRef = D1D331E72915D0110062C7A7 /* LineTableCell.swift */; };
		D1D331EA2915D01B0062C7A7 /* LineTableCellViewModel.swift in Sources */ = {isa = PBXBuildFile; fileRef = D1D331E92915D01B0062C7A7 /* LineTableCellViewModel.swift */; };
		D1D331ED2915D1060062C7A7 /* SnapKit in Frameworks */ = {isa = PBXBuildFile; productRef = D1D331EC2915D1060062C7A7 /* SnapKit */; };
		D1D331F02915DD2F0062C7A7 /* InformationTableCell.swift in Sources */ = {isa = PBXBuildFile; fileRef = D1D331EF2915DD2F0062C7A7 /* InformationTableCell.swift */; };
		D1D331F22915DD3C0062C7A7 /* InformationTableCellViewModel.swift in Sources */ = {isa = PBXBuildFile; fileRef = D1D331F12915DD3C0062C7A7 /* InformationTableCellViewModel.swift */; };
/* End PBXBuildFile section */

/* Begin PBXFileReference section */
		D1D331CE2915CCE80062C7A7 /* AccessibilityTest.app */ = {isa = PBXFileReference; explicitFileType = wrapper.application; includeInIndex = 0; path = AccessibilityTest.app; sourceTree = BUILT_PRODUCTS_DIR; };
		D1D331D12915CCE80062C7A7 /* AppDelegate.swift */ = {isa = PBXFileReference; lastKnownFileType = sourcecode.swift; path = AppDelegate.swift; sourceTree = "<group>"; };
		D1D331D32915CCE80062C7A7 /* SceneDelegate.swift */ = {isa = PBXFileReference; lastKnownFileType = sourcecode.swift; path = SceneDelegate.swift; sourceTree = "<group>"; };
		D1D331D52915CCE80062C7A7 /* ViewController.swift */ = {isa = PBXFileReference; lastKnownFileType = sourcecode.swift; path = ViewController.swift; sourceTree = "<group>"; };
		D1D331D82915CCE80062C7A7 /* Base */ = {isa = PBXFileReference; lastKnownFileType = file.storyboard; name = Base; path = Base.lproj/Main.storyboard; sourceTree = "<group>"; };
		D1D331DA2915CCEA0062C7A7 /* Assets.xcassets */ = {isa = PBXFileReference; lastKnownFileType = folder.assetcatalog; path = Assets.xcassets; sourceTree = "<group>"; };
		D1D331DD2915CCEA0062C7A7 /* Base */ = {isa = PBXFileReference; lastKnownFileType = file.storyboard; name = Base; path = Base.lproj/LaunchScreen.storyboard; sourceTree = "<group>"; };
		D1D331DF2915CCEA0062C7A7 /* Info.plist */ = {isa = PBXFileReference; lastKnownFileType = text.plist.xml; path = Info.plist; sourceTree = "<group>"; };
		D1D331E72915D0110062C7A7 /* LineTableCell.swift */ = {isa = PBXFileReference; lastKnownFileType = sourcecode.swift; path = LineTableCell.swift; sourceTree = "<group>"; };
		D1D331E92915D01B0062C7A7 /* LineTableCellViewModel.swift */ = {isa = PBXFileReference; lastKnownFileType = sourcecode.swift; path = LineTableCellViewModel.swift; sourceTree = "<group>"; };
		D1D331EF2915DD2F0062C7A7 /* InformationTableCell.swift */ = {isa = PBXFileReference; lastKnownFileType = sourcecode.swift; path = InformationTableCell.swift; sourceTree = "<group>"; };
		D1D331F12915DD3C0062C7A7 /* InformationTableCellViewModel.swift */ = {isa = PBXFileReference; lastKnownFileType = sourcecode.swift; path = InformationTableCellViewModel.swift; sourceTree = "<group>"; };
/* End PBXFileReference section */

/* Begin PBXFrameworksBuildPhase section */
		D1D331CB2915CCE80062C7A7 /* Frameworks */ = {
			isa = PBXFrameworksBuildPhase;
			buildActionMask = 2147483647;
			files = (
				D1D331ED2915D1060062C7A7 /* SnapKit in Frameworks */,
			);
			runOnlyForDeploymentPostprocessing = 0;
		};
/* End PBXFrameworksBuildPhase section */

/* Begin PBXGroup section */
		D1D331C52915CCE80062C7A7 = {
			isa = PBXGroup;
			children = (
				D1D331D02915CCE80062C7A7 /* AccessibilityTest */,
				D1D331CF2915CCE80062C7A7 /* Products */,
			);
			sourceTree = "<group>";
		};
		D1D331CF2915CCE80062C7A7 /* Products */ = {
			isa = PBXGroup;
			children = (
				D1D331CE2915CCE80062C7A7 /* AccessibilityTest.app */,
			);
			name = Products;
			sourceTree = "<group>";
		};
		D1D331D02915CCE80062C7A7 /* AccessibilityTest */ = {
			isa = PBXGroup;
			children = (
				D1D331E52915CE6B0062C7A7 /* Cells */,
				D1D331D12915CCE80062C7A7 /* AppDelegate.swift */,
				D1D331D32915CCE80062C7A7 /* SceneDelegate.swift */,
				D1D331D52915CCE80062C7A7 /* ViewController.swift */,
				D1D331D72915CCE80062C7A7 /* Main.storyboard */,
				D1D331DA2915CCEA0062C7A7 /* Assets.xcassets */,
				D1D331DC2915CCEA0062C7A7 /* LaunchScreen.storyboard */,
				D1D331DF2915CCEA0062C7A7 /* Info.plist */,
			);
			path = AccessibilityTest;
			sourceTree = "<group>";
		};
		D1D331E52915CE6B0062C7A7 /* Cells */ = {
			isa = PBXGroup;
			children = (
				D1D331EE2915D9730062C7A7 /* Information Table Cell */,
				D1D331E62915CE730062C7A7 /* Line Table Cell */,
			);
			path = Cells;
			sourceTree = "<group>";
		};
		D1D331E62915CE730062C7A7 /* Line Table Cell */ = {
			isa = PBXGroup;
			children = (
				D1D331E72915D0110062C7A7 /* LineTableCell.swift */,
				D1D331E92915D01B0062C7A7 /* LineTableCellViewModel.swift */,
			);
			path = "Line Table Cell";
			sourceTree = "<group>";
		};
		D1D331EE2915D9730062C7A7 /* Information Table Cell */ = {
			isa = PBXGroup;
			children = (
				D1D331EF2915DD2F0062C7A7 /* InformationTableCell.swift */,
				D1D331F12915DD3C0062C7A7 /* InformationTableCellViewModel.swift */,
			);
			path = "Information Table Cell";
			sourceTree = "<group>";
		};
/* End PBXGroup section */

/* Begin PBXNativeTarget section */
		D1D331CD2915CCE80062C7A7 /* AccessibilityTest */ = {
			isa = PBXNativeTarget;
			buildConfigurationList = D1D331E22915CCEA0062C7A7 /* Build configuration list for PBXNativeTarget "AccessibilityTest" */;
			buildPhases = (
				D1D331CA2915CCE80062C7A7 /* Sources */,
				D1D331CB2915CCE80062C7A7 /* Frameworks */,
				D1D331CC2915CCE80062C7A7 /* Resources */,
			);
			buildRules = (
			);
			dependencies = (
			);
			name = AccessibilityTest;
			packageProductDependencies = (
				D1D331EC2915D1060062C7A7 /* SnapKit */,
			);
			productName = AccessibilityTest;
			productReference = D1D331CE2915CCE80062C7A7 /* AccessibilityTest.app */;
			productType = "com.apple.product-type.application";
		};
/* End PBXNativeTarget section */

/* Begin PBXProject section */
		D1D331C62915CCE80062C7A7 /* Project object */ = {
			isa = PBXProject;
			attributes = {
				BuildIndependentTargetsInParallel = 1;
				LastSwiftUpdateCheck = 1400;
				LastUpgradeCheck = 1400;
				TargetAttributes = {
					D1D331CD2915CCE80062C7A7 = {
						CreatedOnToolsVersion = 14.0;
					};
				};
			};
			buildConfigurationList = D1D331C92915CCE80062C7A7 /* Build configuration list for PBXProject "AccessibilityTest" */;
			compatibilityVersion = "Xcode 14.0";
			developmentRegion = en;
			hasScannedForEncodings = 0;
			knownRegions = (
				en,
				Base,
			);
			mainGroup = D1D331C52915CCE80062C7A7;
			packageReferences = (
				D1D331EB2915D1060062C7A7 /* XCRemoteSwiftPackageReference "SnapKit" */,
			);
			productRefGroup = D1D331CF2915CCE80062C7A7 /* Products */;
			projectDirPath = "";
			projectRoot = "";
			targets = (
				D1D331CD2915CCE80062C7A7 /* AccessibilityTest */,
			);
		};
/* End PBXProject section */

/* Begin PBXResourcesBuildPhase section */
		D1D331CC2915CCE80062C7A7 /* Resources */ = {
			isa = PBXResourcesBuildPhase;
			buildActionMask = 2147483647;
			files = (
				D1D331DE2915CCEA0062C7A7 /* LaunchScreen.storyboard in Resources */,
				D1D331DB2915CCEA0062C7A7 /* Assets.xcassets in Resources */,
				D1D331D92915CCE80062C7A7 /* Main.storyboard in Resources */,
			);
			runOnlyForDeploymentPostprocessing = 0;
		};
/* End PBXResourcesBuildPhase section */

/* Begin PBXSourcesBuildPhase section */
		D1D331CA2915CCE80062C7A7 /* Sources */ = {
			isa = PBXSourcesBuildPhase;
			buildActionMask = 2147483647;
			files = (
				D1D331EA2915D01B0062C7A7 /* LineTableCellViewModel.swift in Sources */,
				D1D331D62915CCE80062C7A7 /* ViewController.swift in Sources */,
				D1D331D22915CCE80062C7A7 /* AppDelegate.swift in Sources */,
				D1D331F22915DD3C0062C7A7 /* InformationTableCellViewModel.swift in Sources */,
				D1D331E82915D0110062C7A7 /* LineTableCell.swift in Sources */,
				D1D331D42915CCE80062C7A7 /* SceneDelegate.swift in Sources */,
				D1D331F02915DD2F0062C7A7 /* InformationTableCell.swift in Sources */,
			);
			runOnlyForDeploymentPostprocessing = 0;
		};
/* End PBXSourcesBuildPhase section */

/* Begin PBXVariantGroup section */
		D1D331D72915CCE80062C7A7 /* Main.storyboard */ = {
			isa = PBXVariantGroup;
			children = (
				D1D331D82915CCE80062C7A7 /* Base */,
			);
			name = Main.storyboard;
			sourceTree = "<group>";
		};
		D1D331DC2915CCEA0062C7A7 /* LaunchScreen.storyboard */ = {
			isa = PBXVariantGroup;
			children = (
				D1D331DD2915CCEA0062C7A7 /* Base */,
			);
			name = LaunchScreen.storyboard;
			sourceTree = "<group>";
		};
/* End PBXVariantGroup section */

/* Begin XCBuildConfiguration section */
		D1D331E02915CCEA0062C7A7 /* Debug */ = {
			isa = XCBuildConfiguration;
			buildSettings = {
				ALWAYS_SEARCH_USER_PATHS = NO;
				CLANG_ANALYZER_NONNULL = YES;
				CLANG_ANALYZER_NUMBER_OBJECT_CONVERSION = YES_AGGRESSIVE;
				CLANG_CXX_LANGUAGE_STANDARD = "gnu++20";
				CLANG_ENABLE_MODULES = YES;
				CLANG_ENABLE_OBJC_ARC = YES;
				CLANG_ENABLE_OBJC_WEAK = YES;
				CLANG_WARN_BLOCK_CAPTURE_AUTORELEASING = YES;
				CLANG_WARN_BOOL_CONVERSION = YES;
				CLANG_WARN_COMMA = YES;
				CLANG_WARN_CONSTANT_CONVERSION = YES;
				CLANG_WARN_DEPRECATED_OBJC_IMPLEMENTATIONS = YES;
				CLANG_WARN_DIRECT_OBJC_ISA_USAGE = YES_ERROR;
				CLANG_WARN_DOCUMENTATION_COMMENTS = YES;
				CLANG_WARN_EMPTY_BODY = YES;
				CLANG_WARN_ENUM_CONVERSION = YES;
				CLANG_WARN_INFINITE_RECURSION = YES;
				CLANG_WARN_INT_CONVERSION = YES;
				CLANG_WARN_NON_LITERAL_NULL_CONVERSION = YES;
				CLANG_WARN_OBJC_IMPLICIT_RETAIN_SELF = YES;
				CLANG_WARN_OBJC_LITERAL_CONVERSION = YES;
				CLANG_WARN_OBJC_ROOT_CLASS = YES_ERROR;
				CLANG_WARN_QUOTED_INCLUDE_IN_FRAMEWORK_HEADER = YES;
				CLANG_WARN_RANGE_LOOP_ANALYSIS = YES;
				CLANG_WARN_STRICT_PROTOTYPES = YES;
				CLANG_WARN_SUSPICIOUS_MOVE = YES;
				CLANG_WARN_UNGUARDED_AVAILABILITY = YES_AGGRESSIVE;
				CLANG_WARN_UNREACHABLE_CODE = YES;
				CLANG_WARN__DUPLICATE_METHOD_MATCH = YES;
				COPY_PHASE_STRIP = NO;
				DEBUG_INFORMATION_FORMAT = dwarf;
				ENABLE_STRICT_OBJC_MSGSEND = YES;
				ENABLE_TESTABILITY = YES;
				GCC_C_LANGUAGE_STANDARD = gnu11;
				GCC_DYNAMIC_NO_PIC = NO;
				GCC_NO_COMMON_BLOCKS = YES;
				GCC_OPTIMIZATION_LEVEL = 0;
				GCC_PREPROCESSOR_DEFINITIONS = (
					"DEBUG=1",
					"$(inherited)",
				);
				GCC_WARN_64_TO_32_BIT_CONVERSION = YES;
				GCC_WARN_ABOUT_RETURN_TYPE = YES_ERROR;
				GCC_WARN_UNDECLARED_SELECTOR = YES;
				GCC_WARN_UNINITIALIZED_AUTOS = YES_AGGRESSIVE;
				GCC_WARN_UNUSED_FUNCTION = YES;
				GCC_WARN_UNUSED_VARIABLE = YES;
				IPHONEOS_DEPLOYMENT_TARGET = 16.0;
				MTL_ENABLE_DEBUG_INFO = INCLUDE_SOURCE;
				MTL_FAST_MATH = YES;
				ONLY_ACTIVE_ARCH = YES;
				SDKROOT = iphoneos;
				SWIFT_ACTIVE_COMPILATION_CONDITIONS = DEBUG;
				SWIFT_OPTIMIZATION_LEVEL = "-Onone";
			};
			name = Debug;
		};
		D1D331E12915CCEA0062C7A7 /* Release */ = {
			isa = XCBuildConfiguration;
			buildSettings = {
				ALWAYS_SEARCH_USER_PATHS = NO;
				CLANG_ANALYZER_NONNULL = YES;
				CLANG_ANALYZER_NUMBER_OBJECT_CONVERSION = YES_AGGRESSIVE;
				CLANG_CXX_LANGUAGE_STANDARD = "gnu++20";
				CLANG_ENABLE_MODULES = YES;
				CLANG_ENABLE_OBJC_ARC = YES;
				CLANG_ENABLE_OBJC_WEAK = YES;
				CLANG_WARN_BLOCK_CAPTURE_AUTORELEASING = YES;
				CLANG_WARN_BOOL_CONVERSION = YES;
				CLANG_WARN_COMMA = YES;
				CLANG_WARN_CONSTANT_CONVERSION = YES;
				CLANG_WARN_DEPRECATED_OBJC_IMPLEMENTATIONS = YES;
				CLANG_WARN_DIRECT_OBJC_ISA_USAGE = YES_ERROR;
				CLANG_WARN_DOCUMENTATION_COMMENTS = YES;
				CLANG_WARN_EMPTY_BODY = YES;
				CLANG_WARN_ENUM_CONVERSION = YES;
				CLANG_WARN_INFINITE_RECURSION = YES;
				CLANG_WARN_INT_CONVERSION = YES;
				CLANG_WARN_NON_LITERAL_NULL_CONVERSION = YES;
				CLANG_WARN_OBJC_IMPLICIT_RETAIN_SELF = YES;
				CLANG_WARN_OBJC_LITERAL_CONVERSION = YES;
				CLANG_WARN_OBJC_ROOT_CLASS = YES_ERROR;
				CLANG_WARN_QUOTED_INCLUDE_IN_FRAMEWORK_HEADER = YES;
				CLANG_WARN_RANGE_LOOP_ANALYSIS = YES;
				CLANG_WARN_STRICT_PROTOTYPES = YES;
				CLANG_WARN_SUSPICIOUS_MOVE = YES;
				CLANG_WARN_UNGUARDED_AVAILABILITY = YES_AGGRESSIVE;
				CLANG_WARN_UNREACHABLE_CODE = YES;
				CLANG_WARN__DUPLICATE_METHOD_MATCH = YES;
				COPY_PHASE_STRIP = NO;
				DEBUG_INFORMATION_FORMAT = "dwarf-with-dsym";
				ENABLE_NS_ASSERTIONS = NO;
				ENABLE_STRICT_OBJC_MSGSEND = YES;
				GCC_C_LANGUAGE_STANDARD = gnu11;
				GCC_NO_COMMON_BLOCKS = YES;
				GCC_WARN_64_TO_32_BIT_CONVERSION = YES;
				GCC_WARN_ABOUT_RETURN_TYPE = YES_ERROR;
				GCC_WARN_UNDECLARED_SELECTOR = YES;
				GCC_WARN_UNINITIALIZED_AUTOS = YES_AGGRESSIVE;
				GCC_WARN_UNUSED_FUNCTION = YES;
				GCC_WARN_UNUSED_VARIABLE = YES;
				IPHONEOS_DEPLOYMENT_TARGET = 16.0;
				MTL_ENABLE_DEBUG_INFO = NO;
				MTL_FAST_MATH = YES;
				SDKROOT = iphoneos;
				SWIFT_COMPILATION_MODE = wholemodule;
				SWIFT_OPTIMIZATION_LEVEL = "-O";
				VALIDATE_PRODUCT = YES;
			};
			name = Release;
		};
		D1D331E32915CCEA0062C7A7 /* Debug */ = {
			isa = XCBuildConfiguration;
			buildSettings = {
				ASSETCATALOG_COMPILER_APPICON_NAME = AppIcon;
				ASSETCATALOG_COMPILER_GLOBAL_ACCENT_COLOR_NAME = AccentColor;
				CODE_SIGN_STYLE = Automatic;
				CURRENT_PROJECT_VERSION = 1;
				GENERATE_INFOPLIST_FILE = YES;
				INFOPLIST_FILE = AccessibilityTest/Info.plist;
				INFOPLIST_KEY_UIApplicationSupportsIndirectInputEvents = YES;
				INFOPLIST_KEY_UILaunchStoryboardName = LaunchScreen;
				INFOPLIST_KEY_UIMainStoryboardFile = Main;
				INFOPLIST_KEY_UISupportedInterfaceOrientations_iPad = "UIInterfaceOrientationPortrait UIInterfaceOrientationPortraitUpsideDown UIInterfaceOrientationLandscapeLeft UIInterfaceOrientationLandscapeRight";
				INFOPLIST_KEY_UISupportedInterfaceOrientations_iPhone = "UIInterfaceOrientationPortrait UIInterfaceOrientationLandscapeLeft UIInterfaceOrientationLandscapeRight";
				LD_RUNPATH_SEARCH_PATHS = (
					"$(inherited)",
					"@executable_path/Frameworks",
				);
				MARKETING_VERSION = 1.0;
				PRODUCT_BUNDLE_IDENTIFIER = ru.test.AccessibilityTest;
				PRODUCT_NAME = "$(TARGET_NAME)";
				SWIFT_EMIT_LOC_STRINGS = YES;
				SWIFT_VERSION = 5.0;
				TARGETED_DEVICE_FAMILY = "1,2";
			};
			name = Debug;
		};
		D1D331E42915CCEA0062C7A7 /* Release */ = {
			isa = XCBuildConfiguration;
			buildSettings = {
				ASSETCATALOG_COMPILER_APPICON_NAME = AppIcon;
				ASSETCATALOG_COMPILER_GLOBAL_ACCENT_COLOR_NAME = AccentColor;
				CODE_SIGN_STYLE = Automatic;
				CURRENT_PROJECT_VERSION = 1;
				GENERATE_INFOPLIST_FILE = YES;
				INFOPLIST_FILE = AccessibilityTest/Info.plist;
				INFOPLIST_KEY_UIApplicationSupportsIndirectInputEvents = YES;
				INFOPLIST_KEY_UILaunchStoryboardName = LaunchScreen;
				INFOPLIST_KEY_UIMainStoryboardFile = Main;
				INFOPLIST_KEY_UISupportedInterfaceOrientations_iPad = "UIInterfaceOrientationPortrait UIInterfaceOrientationPortraitUpsideDown UIInterfaceOrientationLandscapeLeft UIInterfaceOrientationLandscapeRight";
				INFOPLIST_KEY_UISupportedInterfaceOrientations_iPhone = "UIInterfaceOrientationPortrait UIInterfaceOrientationLandscapeLeft UIInterfaceOrientationLandscapeRight";
				LD_RUNPATH_SEARCH_PATHS = (
					"$(inherited)",
					"@executable_path/Frameworks",
				);
				MARKETING_VERSION = 1.0;
				PRODUCT_BUNDLE_IDENTIFIER = ru.test.AccessibilityTest;
				PRODUCT_NAME = "$(TARGET_NAME)";
				SWIFT_EMIT_LOC_STRINGS = YES;
				SWIFT_VERSION = 5.0;
				TARGETED_DEVICE_FAMILY = "1,2";
			};
			name = Release;
		};
/* End XCBuildConfiguration section */

/* Begin XCConfigurationList section */
		D1D331C92915CCE80062C7A7 /* Build configuration list for PBXProject "AccessibilityTest" */ = {
			isa = XCConfigurationList;
			buildConfigurations = (
				D1D331E02915CCEA0062C7A7 /* Debug */,
				D1D331E12915CCEA0062C7A7 /* Release */,
			);
			defaultConfigurationIsVisible = 0;
			defaultConfigurationName = Release;
		};
		D1D331E22915CCEA0062C7A7 /* Build configuration list for PBXNativeTarget "AccessibilityTest" */ = {
			isa = XCConfigurationList;
			buildConfigurations = (
				D1D331E32915CCEA0062C7A7 /* Debug */,
				D1D331E42915CCEA0062C7A7 /* Release */,
			);
			defaultConfigurationIsVisible = 0;
			defaultConfigurationName = Release;
		};
/* End XCConfigurationList section */

/* Begin XCRemoteSwiftPackageReference section */
		D1D331EB2915D1060062C7A7 /* XCRemoteSwiftPackageReference "SnapKit" */ = {
			isa = XCRemoteSwiftPackageReference;
			repositoryURL = "https://github.com/SnapKit/SnapKit.git";
			requirement = {
				kind = upToNextMajorVersion;
				minimumVersion = 5.0.0;
			};
		};
/* End XCRemoteSwiftPackageReference section */

/* Begin XCSwiftPackageProductDependency section */
		D1D331EC2915D1060062C7A7 /* SnapKit */ = {
			isa = XCSwiftPackageProductDependency;
			package = D1D331EB2915D1060062C7A7 /* XCRemoteSwiftPackageReference "SnapKit" */;
			productName = SnapKit;
		};
/* End XCSwiftPackageProductDependency section */
	};
	rootObject = D1D331C62915CCE80062C7A7 /* Project object */;
}
